
Microsoft Visual Studio Solution File, Format Version 12.00
# Visual Studio 14
VisualStudioVersion = 14.0.25420.1
MinimumVisualStudioVersion = 10.0.40219.1
Project("{FAE04EC0-301F-11D3-BF4B-00C04F79EFBC}") = "RepositoryBLL", "RepositoryBLL\RepositoryBLL.csproj", "{409CE8F2-9929-490F-8EC7-B952CF070266}"
EndProject
Project("{FAE04EC0-301F-11D3-BF4B-00C04F79EFBC}") = "RepositoryAPW", "RepositoryAPW\RepositoryAPW.csproj", "{E6D63AE1-66B6-4D69-BE07-FBE5183F317D}"
EndProject
Project("{FAE04EC0-301F-11D3-BF4B-00C04F79EFBC}") = "TrabalhoRestBLL", "TrabalhoRestBLL\TrabalhoRestBLL.csproj", "{77B29800-03E4-4B8C-BBD5-C90E261E5ADB}"
EndProject
Project("{FAE04EC0-301F-11D3-BF4B-00C04F79EFBC}") = "TrabalhoRestAPW", "TrabalhoRestAPW\TrabalhoRestAPW.csproj", "{430B7BF3-E56B-40FD-BD8F-1501D8FC7FE7}"
EndProject
Global
	GlobalSection(SolutionConfigurationPlatforms) = preSolution
		Debug|Any CPU = Debug|Any CPU
		Release|Any CPU = Release|Any CPU
	EndGlobalSection
	GlobalSection(ProjectConfigurationPlatforms) = postSolution
		{409CE8F2-9929-490F-8EC7-B952CF070266}.Debug|Any CPU.ActiveCfg = Debug|Any CPU
		{409CE8F2-9929-490F-8EC7-B952CF070266}.Debug|Any CPU.Build.0 = Debug|Any CPU
		{409CE8F2-9929-490F-8EC7-B952CF070266}.Release|Any CPU.ActiveCfg = Release|Any CPU
		{409CE8F2-9929-490F-8EC7-B952CF070266}.Release|Any CPU.Build.0 = Release|Any CPU
		{E6D63AE1-66B6-4D69-BE07-FBE5183F317D}.Debug|Any CPU.ActiveCfg = Debug|Any CPU
		{E6D63AE1-66B6-4D69-BE07-FBE5183F317D}.Debug|Any CPU.Build.0 = Debug|Any CPU
		{E6D63AE1-66B6-4D69-BE07-FBE5183F317D}.Release|Any CPU.ActiveCfg = Release|Any CPU
		{E6D63AE1-66B6-4D69-BE07-FBE5183F317D}.Release|Any CPU.Build.0 = Release|Any CPU
		{77B29800-03E4-4B8C-BBD5-C90E261E5ADB}.Debug|Any CPU.ActiveCfg = Debug|Any CPU
		{77B29800-03E4-4B8C-BBD5-C90E261E5ADB}.Debug|Any CPU.Build.0 = Debug|Any CPU
		{77B29800-03E4-4B8C-BBD5-C90E261E5ADB}.Release|Any CPU.ActiveCfg = Release|Any CPU
		{77B29800-03E4-4B8C-BBD5-C90E261E5ADB}.Release|Any CPU.Build.0 = Release|Any CPU
		{430B7BF3-E56B-40FD-BD8F-1501D8FC7FE7}.Debug|Any CPU.ActiveCfg = Debug|Any CPU
		{430B7BF3-E56B-40FD-BD8F-1501D8FC7FE7}.Debug|Any CPU.Build.0 = Debug|Any CPU
		{430B7BF3-E56B-40FD-BD8F-1501D8FC7FE7}.Release|Any CPU.ActiveCfg = Release|Any CPU
		{430B7BF3-E56B-40FD-BD8F-1501D8FC7FE7}.Release|Any CPU.Build.0 = Release|Any CPU
	EndGlobalSection
	GlobalSection(SolutionProperties) = preSolution
		HideSolutionNode = FALSE
	EndGlobalSection
EndGlobal
